// !$*UTF8*$!
{
	archiveVersion = 1;
	classes = {
	};
	objectVersion = 46;
	objects = {

/* Begin PBXBuildFile section */
		578680401D417FBA000F663B /* AppDelegate.swift in Sources */ = {isa = PBXBuildFile; fileRef = 5786803F1D417FBA000F663B /* AppDelegate.swift */; };
		578680421D417FBA000F663B /* Assets.xcassets in Resources */ = {isa = PBXBuildFile; fileRef = 578680411D417FBA000F663B /* Assets.xcassets */; };
		578680451D417FBA000F663B /* MainMenu.xib in Resources */ = {isa = PBXBuildFile; fileRef = 578680431D417FBA000F663B /* MainMenu.xib */; };
/* End PBXBuildFile section */

/* Begin PBXFileReference section */
		5786803C1D417FBA000F663B /* asiop.app */ = {isa = PBXFileReference; explicitFileType = wrapper.application; includeInIndex = 0; path = asiop.app; sourceTree = BUILT_PRODUCTS_DIR; };
		5786803F1D417FBA000F663B /* AppDelegate.swift */ = {isa = PBXFileReference; lastKnownFileType = sourcecode.swift; path = AppDelegate.swift; sourceTree = "<group>"; };
		578680411D417FBA000F663B /* Assets.xcassets */ = {isa = PBXFileReference; lastKnownFileType = folder.assetcatalog; path = Assets.xcassets; sourceTree = "<group>"; };
		578680441D417FBA000F663B /* Base */ = {isa = PBXFileReference; lastKnownFileType = file.xib; name = Base; path = Base.lproj/MainMenu.xib; sourceTree = "<group>"; };
		578680461D417FBA000F663B /* Info.plist */ = {isa = PBXFileReference; lastKnownFileType = text.plist.xml; path = Info.plist; sourceTree = "<group>"; };
/* End PBXFileReference section */

/* Begin PBXFrameworksBuildPhase section */
		578680391D417FBA000F663B /* Frameworks */ = {
			isa = PBXFrameworksBuildPhase;
			buildActionMask = 2147483647;
			files = (
			);
			runOnlyForDeploymentPostprocessing = 0;
		};
/* End PBXFrameworksBuildPhase section */

/* Begin PBXGroup section */
		578680331D417FBA000F663B = {
			isa = PBXGroup;
			children = (
				5786803E1D417FBA000F663B /* asiop */,
				5786803D1D417FBA000F663B /* Products */,
			);
			sourceTree = "<group>";
		};
		5786803D1D417FBA000F663B /* Products */ = {
			isa = PBXGroup;
			children = (
				5786803C1D417FBA000F663B /* asiop.app */,
			);
			name = Products;
			sourceTree = "<group>";
		};
		5786803E1D417FBA000F663B /* asiop */ = {
			isa = PBXGroup;
			children = (
				5786803F1D417FBA000F663B /* AppDelegate.swift */,
				578680411D417FBA000F663B /* Assets.xcassets */,
				578680431D417FBA000F663B /* MainMenu.xib */,
				578680461D417FBA000F663B /* Info.plist */,
			);
			path = asiop;
			sourceTree = "<group>";
		};
/* End PBXGroup section */

/* Begin PBXNativeTarget section */
		5786803B1D417FBA000F663B /* asiop */ = {
			isa = PBXNativeTarget;
			buildConfigurationList = 578680491D417FBA000F663B /* Build configuration list for PBXNativeTarget "asiop" */;
			buildPhases = (
				578680381D417FBA000F663B /* Sources */,
				578680391D417FBA000F663B /* Frameworks */,
				5786803A1D417FBA000F663B /* Resources */,
			);
			buildRules = (
			);
			dependencies = (
			);
			name = asiop;
			productName = asiop;
			productReference = 5786803C1D417FBA000F663B /* asiop.app */;
			productType = "com.apple.product-type.application";
		};
/* End PBXNativeTarget section */

/* Begin PBXProject section */
		578680341D417FBA000F663B /* Project object */ = {
			isa = PBXProject;
			attributes = {
				LastSwiftUpdateCheck = 0730;
				LastUpgradeCheck = 0730;
				ORGANIZATIONNAME = lubkli;
				TargetAttributes = {
					5786803B1D417FBA000F663B = {
						CreatedOnToolsVersion = 7.3;
					};
				};
			};
			buildConfigurationList = 578680371D417FBA000F663B /* Build configuration list for PBXProject "asiop" */;
			compatibilityVersion = "Xcode 3.2";
			developmentRegion = English;
			hasScannedForEncodings = 0;
			knownRegions = (
				en,
				Base,
			);
			mainGroup = 578680331D417FBA000F663B;
			productRefGroup = 5786803D1D417FBA000F663B /* Products */;
			projectDirPath = "";
			projectRoot = "";
			targets = (
				5786803B1D417FBA000F663B /* asiop */,
			);
		};
/* End PBXProject section */

/* Begin PBXResourcesBuildPhase section */
		5786803A1D417FBA000F663B /* Resources */ = {
			isa = PBXResourcesBuildPhase;
			buildActionMask = 2147483647;
			files = (
				578680421D417FBA000F663B /* Assets.xcassets in Resources */,
				578680451D417FBA000F663B /* MainMenu.xib in Resources */,
			);
			runOnlyForDeploymentPostprocessing = 0;
		};
/* End PBXResourcesBuildPhase section */

/* Begin PBXSourcesBuildPhase section */
		578680381D417FBA000F663B /* Sources */ = {
			isa = PBXSourcesBuildPhase;
			buildActionMask = 2147483647;
			files = (
				578680401D417FBA000F663B /* AppDelegate.swift in Sources */,
			);
			runOnlyForDeploymentPostprocessing = 0;
		};
/* End PBXSourcesBuildPhase section */

/* Begin PBXVariantGroup section */
		578680431D417FBA000F663B /* MainMenu.xib */ = {
			isa = PBXVariantGroup;
			children = (
				578680441D417FBA000F663B /* Base */,
			);
			name = MainMenu.xib;
			sourceTree = "<group>";
		};
/* End PBXVariantGroup section */

/* Begin XCBuildConfiguration section */
		578680471D417FBA000F663B /* Debug */ = {
			isa = XCBuildConfiguration;
			buildSettings = {
				ALWAYS_SEARCH_USER_PATHS = NO;
				CLANG_ANALYZER_NONNULL = YES;
				CLANG_CXX_LANGUAGE_STANDARD = "gnu++0x";
				CLANG_CXX_LIBRARY = "libc++";
				CLANG_ENABLE_MODULES = YES;
				CLANG_ENABLE_OBJC_ARC = YES;
				CLANG_WARN_BOOL_CONVERSION = YES;
				CLANG_WARN_CONSTANT_CONVERSION = YES;
				CLANG_WARN_DIRECT_OBJC_ISA_USAGE = YES_ERROR;
				CLANG_WARN_EMPTY_BODY = YES;
				CLANG_WARN_ENUM_CONVERSION = YES;
				CLANG_WARN_INT_CONVERSION = YES;
				CLANG_WARN_OBJC_ROOT_CLASS = YES_ERROR;
				CLANG_WARN_UNREACHABLE_CODE = YES;
				CLANG_WARN__DUPLICATE_METHOD_MATCH = YES;
				CODE_SIGN_IDENTITY = "-";
				COPY_PHASE_STRIP = NO;
				DEBUG_INFORMATION_FORMAT = dwarf;
				ENABLE_STRICT_OBJC_MSGSEND = YES;
				ENABLE_TESTABILITY = YES;
				GCC_C_LANGUAGE_STANDARD = gnu99;
				GCC_DYNAMIC_NO_PIC = NO;
				GCC_NO_COMMON_BLOCKS = YES;
				GCC_OPTIMIZATION_LEVEL = 0;
				GCC_PREPROCESSOR_DEFINITIONS = (
					"DEBUG=1",
					"$(inherited)",
				);
				GCC_WARN_64_TO_32_BIT_CONVERSION = YES;
				GCC_WARN_ABOUT_RETURN_TYPE = YES_ERROR;
				GCC_WARN_UNDECLARED_SELECTOR = YES;
				GCC_WARN_UNINITIALIZED_AUTOS = YES_AGGRESSIVE;
				GCC_WARN_UNUSED_FUNCTION = YES;
				GCC_WARN_UNUSED_VARIABLE = YES;
				MACOSX_DEPLOYMENT_TARGET = 10.11;
				MTL_ENABLE_DEBUG_INFO = YES;
				ONLY_ACTIVE_ARCH = YES;
				SDKROOT = macosx;
				SWIFT_OPTIMIZATION_LEVEL = "-Onone";
			};
			name = Debug;
		};
		578680481D417FBA000F663B /* Release */ = {
			isa = XCBuildConfiguration;
			buildSettings = {
				ALWAYS_SEARCH_USER_PATHS = NO;
				CLANG_ANALYZER_NONNULL = YES;
				CLANG_CXX_LANGUAGE_STANDARD = "gnu++0x";
				CLANG_CXX_LIBRARY = "libc++";
				CLANG_ENABLE_MODULES = YES;
				CLANG_ENABLE_OBJC_ARC = YES;
				CLANG_WARN_BOOL_CONVERSION = YES;
				CLANG_WARN_CONSTANT_CONVERSION = YES;
				CLANG_WARN_DIRECT_OBJC_ISA_USAGE = YES_ERROR;
				CLANG_WARN_EMPTY_BODY = YES;
				CLANG_WARN_ENUM_CONVERSION = YES;
				CLANG_WARN_INT_CONVERSION = YES;
				CLANG_WARN_OBJC_ROOT_CLASS = YES_ERROR;
				CLANG_WARN_UNREACHABLE_CODE = YES;
				CLANG_WARN__DUPLICATE_METHOD_MATCH = YES;
				CODE_SIGN_IDENTITY = "-";
				COPY_PHASE_STRIP = NO;
				DEBUG_INFORMATION_FORMAT = "dwarf-with-dsym";
				ENABLE_NS_ASSERTIONS = NO;
				ENABLE_STRICT_OBJC_MSGSEND = YES;
				GCC_C_LANGUAGE_STANDARD = gnu99;
				GCC_NO_COMMON_BLOCKS = YES;
				GCC_WARN_64_TO_32_BIT_CONVERSION = YES;
				GCC_WARN_ABOUT_RETURN_TYPE = YES_ERROR;
				GCC_WARN_UNDECLARED_SELECTOR = YES;
				GCC_WARN_UNINITIALIZED_AUTOS = YES_AGGRESSIVE;
				GCC_WARN_UNUSED_FUNCTION = YES;
				GCC_WARN_UNUSED_VARIABLE = YES;
				MACOSX_DEPLOYMENT_TARGET = 10.11;
				MTL_ENABLE_DEBUG_INFO = NO;
				SDKROOT = macosx;
			};
			name = Release;
		};
		5786804A1D417FBA000F663B /* Debug */ = {
			isa = XCBuildConfiguration;
			buildSettings = {
				ASSETCATALOG_COMPILER_APPICON_NAME = AppIcon;
				COMBINE_HIDPI_IMAGES = YES;
				INFOPLIST_FILE = asiop/Info.plist;
				LD_RUNPATH_SEARCH_PATHS = "$(inherited) @executable_path/../Frameworks";
				PRODUCT_BUNDLE_IDENTIFIER = com.klimes.asiop;
				PRODUCT_NAME = "$(TARGET_NAME)";
			};
			name = Debug;
		};
		5786804B1D417FBA000F663B /* Release */ = {
			isa = XCBuildConfiguration;
			buildSettings = {
				ASSETCATALOG_COMPILER_APPICON_NAME = AppIcon;
				COMBINE_HIDPI_IMAGES = YES;
				INFOPLIST_FILE = asiop/Info.plist;
				LD_RUNPATH_SEARCH_PATHS = "$(inherited) @executable_path/../Frameworks";
				PRODUCT_BUNDLE_IDENTIFIER = com.klimes.asiop;
				PRODUCT_NAME = "$(TARGET_NAME)";
			};
			name = Release;
		};
/* End XCBuildConfiguration section */

/* Begin XCConfigurationList section */
		578680371D417FBA000F663B /* Build configuration list for PBXProject "asiop" */ = {
			isa = XCConfigurationList;
			buildConfigurations = (
				578680471D417FBA000F663B /* Debug */,
				578680481D417FBA000F663B /* Release */,
			);
			defaultConfigurationIsVisible = 0;
			defaultConfigurationName = Release;
		};
		578680491D417FBA000F663B /* Build configuration list for PBXNativeTarget "asiop" */ = {
			isa = XCConfigurationList;
			buildConfigurations = (
				5786804A1D417FBA000F663B /* Debug */,
				5786804B1D417FBA000F663B /* Release */,
			);
			defaultConfigurationIsVisible = 0;
		};
/* End XCConfigurationList section */
	};
	rootObject = 578680341D417FBA000F663B /* Project object */;
}
